Microsoft Visual Studio Solution File, Format Version 11.00
# Visual Studio 2008

Project("{6BB98234-5D7D-F105-D453-CD3393FA4DCE}") = "test00", "Assembly-CSharp.csproj", "{2BF01B6C-3AF7-64F0-49D1-4681FD430A56}"
EndProject
Global
	GlobalSection(SolutionConfigurationPlatforms) = preSolution
		Debug|Any CPU = Debug|Any CPU
		Release|Any CPU = Release|Any CPU
	EndGlobalSection
	GlobalSection(ProjectConfigurationPlatforms) = postSolution
		{2BF01B6C-3AF7-64F0-49D1-4681FD430A56}.Debug|Any CPU.ActiveCfg = Debug|Any CPU
		{2BF01B6C-3AF7-64F0-49D1-4681FD430A56}.Debug|Any CPU.Build.0 = Debug|Any CPU
		{2BF01B6C-3AF7-64F0-49D1-4681FD430A56}.Release|Any CPU.ActiveCfg = Release|Any CPU
		{2BF01B6C-3AF7-64F0-49D1-4681FD430A56}.Release|Any CPU.Build.0 = Release|Any CPU
	EndGlobalSection
	GlobalSection(SolutionProperties) = preSolution
		HideSolutionNode = FALSE
	EndGlobalSection
	GlobalSection(MonoDevelopProperties) = preSolution
		StartupItem = Assembly-CSharp.csproj
	EndGlobalSection
EndGlobal
