Microsoft Visual Studio Solution File, Format Version 11.00
# Visual Studio 2008

Project("{CF00C58F-AF7E-F914-8612-A677E6D3E6C2}") = "d06", "Assembly-CSharp-firstpass.csproj", "{DD04075B-F5C0-7970-BCBE-A36B233459BA}"
EndProject
Project("{CF00C58F-AF7E-F914-8612-A677E6D3E6C2}") = "d06", "Assembly-CSharp.csproj", "{6F8CEAD7-033D-543E-2C2E-CD6FF5E3E8DA}"
EndProject
Project("{CF00C58F-AF7E-F914-8612-A677E6D3E6C2}") = "d06", "Assembly-CSharp-Editor.csproj", "{59377A9A-58AB-A1E4-5F1C-3916CC29787C}"
EndProject
Global
	GlobalSection(SolutionConfigurationPlatforms) = preSolution
		Debug|Any CPU = Debug|Any CPU
		Release|Any CPU = Release|Any CPU
	EndGlobalSection
	GlobalSection(ProjectConfigurationPlatforms) = postSolution
		{DD04075B-F5C0-7970-BCBE-A36B233459BA}.Debug|Any CPU.ActiveCfg = Debug|Any CPU
		{DD04075B-F5C0-7970-BCBE-A36B233459BA}.Debug|Any CPU.Build.0 = Debug|Any CPU
		{DD04075B-F5C0-7970-BCBE-A36B233459BA}.Release|Any CPU.ActiveCfg = Release|Any CPU
		{DD04075B-F5C0-7970-BCBE-A36B233459BA}.Release|Any CPU.Build.0 = Release|Any CPU
		{6F8CEAD7-033D-543E-2C2E-CD6FF5E3E8DA}.Debug|Any CPU.ActiveCfg = Debug|Any CPU
		{6F8CEAD7-033D-543E-2C2E-CD6FF5E3E8DA}.Debug|Any CPU.Build.0 = Debug|Any CPU
		{6F8CEAD7-033D-543E-2C2E-CD6FF5E3E8DA}.Release|Any CPU.ActiveCfg = Release|Any CPU
		{6F8CEAD7-033D-543E-2C2E-CD6FF5E3E8DA}.Release|Any CPU.Build.0 = Release|Any CPU
		{59377A9A-58AB-A1E4-5F1C-3916CC29787C}.Debug|Any CPU.ActiveCfg = Debug|Any CPU
		{59377A9A-58AB-A1E4-5F1C-3916CC29787C}.Debug|Any CPU.Build.0 = Debug|Any CPU
		{59377A9A-58AB-A1E4-5F1C-3916CC29787C}.Release|Any CPU.ActiveCfg = Release|Any CPU
		{59377A9A-58AB-A1E4-5F1C-3916CC29787C}.Release|Any CPU.Build.0 = Release|Any CPU
	EndGlobalSection
	GlobalSection(SolutionProperties) = preSolution
		HideSolutionNode = FALSE
	EndGlobalSection
	GlobalSection(MonoDevelopProperties) = preSolution
		StartupItem = Assembly-CSharp.csproj
	EndGlobalSection
EndGlobal
