Microsoft Visual Studio Solution File, Format Version 11.00
# Visual Studio 2008

Project("{7A20F652-910F-5281-0009-811AE8AC484F}") = "d01", "Assembly-CSharp.csproj", "{DE36A6C1-6352-4B87-1CBC-F17236FD48A8}"
EndProject
Global
	GlobalSection(SolutionConfigurationPlatforms) = preSolution
		Debug|Any CPU = Debug|Any CPU
		Release|Any CPU = Release|Any CPU
	EndGlobalSection
	GlobalSection(ProjectConfigurationPlatforms) = postSolution
		{DE36A6C1-6352-4B87-1CBC-F17236FD48A8}.Debug|Any CPU.ActiveCfg = Debug|Any CPU
		{DE36A6C1-6352-4B87-1CBC-F17236FD48A8}.Debug|Any CPU.Build.0 = Debug|Any CPU
		{DE36A6C1-6352-4B87-1CBC-F17236FD48A8}.Release|Any CPU.ActiveCfg = Release|Any CPU
		{DE36A6C1-6352-4B87-1CBC-F17236FD48A8}.Release|Any CPU.Build.0 = Release|Any CPU
	EndGlobalSection
	GlobalSection(SolutionProperties) = preSolution
		HideSolutionNode = FALSE
	EndGlobalSection
	GlobalSection(MonoDevelopProperties) = preSolution
		StartupItem = Assembly-CSharp.csproj
	EndGlobalSection
EndGlobal
