Microsoft Visual Studio Solution File, Format Version 11.00
# Visual Studio 2008

Project("{816F9C96-693F-4D06-D41A-D04825076A29}") = "d03", "Assembly-CSharp.csproj", "{C280B0E3-325A-8F8F-FF96-F402E2906DF8}"
EndProject
Project("{816F9C96-693F-4D06-D41A-D04825076A29}") = "d03", "Assembly-CSharp-Editor.csproj", "{D306BCF9-00E3-B37C-AFEF-0AC5DD843DFF}"
EndProject
Global
	GlobalSection(SolutionConfigurationPlatforms) = preSolution
		Debug|Any CPU = Debug|Any CPU
		Release|Any CPU = Release|Any CPU
	EndGlobalSection
	GlobalSection(ProjectConfigurationPlatforms) = postSolution
		{C280B0E3-325A-8F8F-FF96-F402E2906DF8}.Debug|Any CPU.ActiveCfg = Debug|Any CPU
		{C280B0E3-325A-8F8F-FF96-F402E2906DF8}.Debug|Any CPU.Build.0 = Debug|Any CPU
		{C280B0E3-325A-8F8F-FF96-F402E2906DF8}.Release|Any CPU.ActiveCfg = Release|Any CPU
		{C280B0E3-325A-8F8F-FF96-F402E2906DF8}.Release|Any CPU.Build.0 = Release|Any CPU
		{D306BCF9-00E3-B37C-AFEF-0AC5DD843DFF}.Debug|Any CPU.ActiveCfg = Debug|Any CPU
		{D306BCF9-00E3-B37C-AFEF-0AC5DD843DFF}.Debug|Any CPU.Build.0 = Debug|Any CPU
		{D306BCF9-00E3-B37C-AFEF-0AC5DD843DFF}.Release|Any CPU.ActiveCfg = Release|Any CPU
		{D306BCF9-00E3-B37C-AFEF-0AC5DD843DFF}.Release|Any CPU.Build.0 = Release|Any CPU
	EndGlobalSection
	GlobalSection(SolutionProperties) = preSolution
		HideSolutionNode = FALSE
	EndGlobalSection
	GlobalSection(MonoDevelopProperties) = preSolution
		StartupItem = Assembly-CSharp.csproj
	EndGlobalSection
EndGlobal
